
Microsoft Visual Studio Solution File, Format Version 12.00
# Visual Studio Version 17
VisualStudioVersion = 17.4.33205.214
MinimumVisualStudioVersion = 10.0.40219.1
Project("{9A19103F-16F7-4668-BE54-9A1E7A4F7556}") = "MyToDo", "MyToDo\MyToDo.csproj", "{71C07DE3-6C42-4E8D-87D1-291A3FC1650A}"
EndProject
Project("{9A19103F-16F7-4668-BE54-9A1E7A4F7556}") = "MyToDo.Api", "MyToDo.Api\MyToDo.Api.csproj", "{62719D66-5655-4078-A680-5EA987570900}"
EndProject
Project("{FAE04EC0-301F-11D3-BF4B-00C04F79EFBC}") = "MyToDo.Shared", "MyToDo.Shared\MyToDo.Shared.csproj", "{B47488C2-6D67-4696-8310-26765C208ADF}"
EndProject
Global
	GlobalSection(SolutionConfigurationPlatforms) = preSolution
		Debug|Any CPU = Debug|Any CPU
		Release|Any CPU = Release|Any CPU
	EndGlobalSection
	GlobalSection(ProjectConfigurationPlatforms) = postSolution
		{71C07DE3-6C42-4E8D-87D1-291A3FC1650A}.Debug|Any CPU.ActiveCfg = Debug|Any CPU
		{71C07DE3-6C42-4E8D-87D1-291A3FC1650A}.Debug|Any CPU.Build.0 = Debug|Any CPU
		{71C07DE3-6C42-4E8D-87D1-291A3FC1650A}.Release|Any CPU.ActiveCfg = Release|Any CPU
		{71C07DE3-6C42-4E8D-87D1-291A3FC1650A}.Release|Any CPU.Build.0 = Release|Any CPU
		{62719D66-5655-4078-A680-5EA987570900}.Debug|Any CPU.ActiveCfg = Debug|Any CPU
		{62719D66-5655-4078-A680-5EA987570900}.Debug|Any CPU.Build.0 = Debug|Any CPU
		{62719D66-5655-4078-A680-5EA987570900}.Release|Any CPU.ActiveCfg = Release|Any CPU
		{62719D66-5655-4078-A680-5EA987570900}.Release|Any CPU.Build.0 = Release|Any CPU
		{B47488C2-6D67-4696-8310-26765C208ADF}.Debug|Any CPU.ActiveCfg = Debug|Any CPU
		{B47488C2-6D67-4696-8310-26765C208ADF}.Debug|Any CPU.Build.0 = Debug|Any CPU
		{B47488C2-6D67-4696-8310-26765C208ADF}.Release|Any CPU.ActiveCfg = Release|Any CPU
		{B47488C2-6D67-4696-8310-26765C208ADF}.Release|Any CPU.Build.0 = Release|Any CPU
	EndGlobalSection
	GlobalSection(SolutionProperties) = preSolution
		HideSolutionNode = FALSE
	EndGlobalSection
	GlobalSection(ExtensibilityGlobals) = postSolution
		SolutionGuid = {67FF250B-B5C4-4DC3-92F9-DDDCF97965A4}
	EndGlobalSection
EndGlobal
